<Solution>
  <Project Path="AutoHandAssembly.csproj" />
  <Project Path="NaughtyAttributes.Core.csproj" />
  <Project Path="Assembly-CSharp.csproj" />
  <Project Path="Autohand.OpenXR.csproj" />
  <Project Path="Autohand.Editor.csproj" />
  <Project Path="NaughtyAttributes.Editor.csproj" />
  <Project Path="DOTween.Modules.csproj" />
  <Project Path="Autohand.OpenXR.Editor.csproj" />
  <Project Path="Autohand.XR.csproj" />
  <Project Path="Autohand.XR.Editor.csproj" />
</Solution>
